
Microsoft Visual Studio Solution File, Format Version 12.00
# Visual Studio Version 17
VisualStudioVersion = 17.9.34723.18
MinimumVisualStudioVersion = 10.0.40219.1
Project("{FAE04EC0-301F-11D3-BF4B-00C04F79EFBC}") = "Ventas", "Ventas\Ventas.csproj", "{CC30D4D8-6953-45FA-81B8-ED100FEF17E4}"
EndProject
Project("{2150E333-8FDC-42A3-9474-1A3956D46DE8}") = "APIMicroservices", "APIMicroservices", "{E295C965-267A-46A2-82C8-3C695667714A}"
EndProject
Global
	GlobalSection(SolutionConfigurationPlatforms) = preSolution
		Debug|Any CPU = Debug|Any CPU
		Release|Any CPU = Release|Any CPU
	EndGlobalSection
	GlobalSection(ProjectConfigurationPlatforms) = postSolution
		{CC30D4D8-6953-45FA-81B8-ED100FEF17E4}.Debug|Any CPU.ActiveCfg = Debug|Any CPU
		{CC30D4D8-6953-45FA-81B8-ED100FEF17E4}.Debug|Any CPU.Build.0 = Debug|Any CPU
		{CC30D4D8-6953-45FA-81B8-ED100FEF17E4}.Release|Any CPU.ActiveCfg = Release|Any CPU
		{CC30D4D8-6953-45FA-81B8-ED100FEF17E4}.Release|Any CPU.Build.0 = Release|Any CPU
	EndGlobalSection
	GlobalSection(SolutionProperties) = preSolution
		HideSolutionNode = FALSE
	EndGlobalSection
	GlobalSection(NestedProjects) = preSolution
		{CC30D4D8-6953-45FA-81B8-ED100FEF17E4} = {E295C965-267A-46A2-82C8-3C695667714A}
	EndGlobalSection
	GlobalSection(ExtensibilityGlobals) = postSolution
		SolutionGuid = {8D8B4735-0177-4708-80C3-21E2C74DB278}
	EndGlobalSection
EndGlobal
